
Microsoft Visual Studio Solution File, Format Version 12.00
# Visual Studio Version 16
VisualStudioVersion = 16.0.30011.22
MinimumVisualStudioVersion = 10.0.40219.1
Project("{2150E333-8FDC-42A3-9474-1A3956D46DE8}") = "NModBus4", "NModBus4", "{EF00D8B4-62BB-4749-A717-F3700AD02381}"
EndProject
Project("{2150E333-8FDC-42A3-9474-1A3956D46DE8}") = "Fragments", "Fragments", "{4E69EC4C-DAA4-4699-9852-5D2BB07AF8F7}"
EndProject
Project("{2150E333-8FDC-42A3-9474-1A3956D46DE8}") = "Configuration", "Configuration", "{1A3ABB01-7579-4558-A646-2E9025D9C449}"
EndProject
Project("{2150E333-8FDC-42A3-9474-1A3956D46DE8}") = "Formatting", "Formatting", "{1D72E622-4511-4605-AC4A-C9C25D84B33C}"
EndProject
Project("{2150E333-8FDC-42A3-9474-1A3956D46DE8}") = "ModbusMemory", "ModbusMemory", "{18BEB42C-30E8-40C5-ABB6-6841A4B2182B}"
EndProject
Project("{2150E333-8FDC-42A3-9474-1A3956D46DE8}") = "Journals", "Journals", "{5FC8545A-258D-4690-A8CE-205B90CB73EE}"
EndProject
Project("{2150E333-8FDC-42A3-9474-1A3956D46DE8}") = "Measuring", "Measuring", "{2F8E868E-0801-4487-932E-850E24E90D2B}"
EndProject
Project("{2150E333-8FDC-42A3-9474-1A3956D46DE8}") = "Oscilloscope", "Oscilloscope", "{806F9906-2940-47E9-B2E8-1FC74DAB7EF4}"
EndProject
Project("{2150E333-8FDC-42A3-9474-1A3956D46DE8}") = "OscViewer", "OscViewer", "{84197E73-1164-4C92-9ACF-ABFC3BA1E81B}"
EndProject
Project("{FAE04EC0-301F-11D3-BF4B-00C04F79EFBC}") = "Unicon2.Services", "Unicon2.Services\Unicon2.Services.csproj", "{0288D2C4-EC3E-4A92-8EB6-2457AA6E16ED}"
EndProject
Project("{FAE04EC0-301F-11D3-BF4B-00C04F79EFBC}") = "Unicon2.Model", "Unicon2.Model\Unicon2.Model.csproj", "{2504F838-86E8-48C4-9288-5EDFB922F0CC}"
EndProject
Project("{FAE04EC0-301F-11D3-BF4B-00C04F79EFBC}") = "Unicon2.Infrastructure", "Unicon2.Infrastructure\Unicon2.Infrastructure.csproj", "{D025EC77-DFD4-444E-8F2C-218A5181C721}"
EndProject
Project("{FAE04EC0-301F-11D3-BF4B-00C04F79EFBC}") = "Unicon2.Shell", "Unicon2.Shell\Unicon2.Shell.csproj", "{326BC120-600A-409B-B24B-46B245131288}"
EndProject
Project("{FAE04EC0-301F-11D3-BF4B-00C04F79EFBC}") = "Unicon2.SharedResources", "Unicon2.SharedResources\Unicon2.SharedResources.csproj", "{CA06A2C8-E39C-4D5C-B19B-3C60E7151AEF}"
EndProject
Project("{FAE04EC0-301F-11D3-BF4B-00C04F79EFBC}") = "Unicon2.Presentation", "Unicon2.Presentation\Unicon2.Presentation.csproj", "{2080FEE4-0721-4EA8-9BE3-34808437FAEB}"
EndProject
Project("{FAE04EC0-301F-11D3-BF4B-00C04F79EFBC}") = "Unicon2.ModuleDeviceEditing", "Unicon2.ModuleDeviceEditing\Unicon2.ModuleDeviceEditing.csproj", "{973B568F-ED39-4B50-BB1F-DEDE5E61B73A}"
EndProject
Project("{FAE04EC0-301F-11D3-BF4B-00C04F79EFBC}") = "Unicon2.Presentation.Infrastructure", "Unicon2.Presentation.Infrastructure\Unicon2.Presentation.Infrastructure.csproj", "{EF9BF685-16AA-4942-A33C-D65562BD4215}"
EndProject
Project("{FAE04EC0-301F-11D3-BF4B-00C04F79EFBC}") = "Unicon2.Localization", "Unicon2.Localization\Unicon2.Localization.csproj", "{3C6C1C77-4826-4D28-8F4F-8680EEBD02E7}"
EndProject
Project("{FAE04EC0-301F-11D3-BF4B-00C04F79EFBC}") = "Unicon2.DeviceEditorUtilityModule", "Unicon2.DeviceEditorUtilityModule\Unicon2.DeviceEditorUtilityModule.csproj", "{E263B732-5DC2-4237-9C45-2B655C51A033}"
EndProject
Project("{9A19103F-16F7-4668-BE54-9A1E7A4F7556}") = "NModbus4", "NModbus4\NModbus4\NModbus4.csproj", "{8212BD78-1DFC-46A2-9238-72CB48BEB6A4}"
EndProject
Project("{9A19103F-16F7-4668-BE54-9A1E7A4F7556}") = "NModbus4.Serial", "NModbus4\NModbus4.Serial\NModbus4.Serial.csproj", "{A9346AD3-B5FE-4904-8E42-568A4A97D5AB}"
EndProject
Project("{9A19103F-16F7-4668-BE54-9A1E7A4F7556}") = "NModbus4.UnitTests", "NModbus4\NModbus4.UnitTests\NModbus4.UnitTests.csproj", "{52160559-1680-4655-8F52-93318051FC2B}"
EndProject
Project("{9A19103F-16F7-4668-BE54-9A1E7A4F7556}") = "Samples", "NModbus4\Samples\Samples.csproj", "{A8A19504-975E-435B-9B04-6ABB7D4BB643}"
EndProject
Project("{FAE04EC0-301F-11D3-BF4B-00C04F79EFBC}") = "Unicon2.Formatting.Editor", "Formatting\Unicon2.Formatting.Editor\Unicon2.Formatting.Editor.csproj", "{0F26E688-7767-4264-B287-43DA0C5D8C58}"
EndProject
Project("{FAE04EC0-301F-11D3-BF4B-00C04F79EFBC}") = "Unicon2.Formatting.Infrastructure", "Formatting\Unicon2.Formatting.Infrastructure\Unicon2.Formatting.Infrastructure.csproj", "{2A80AB3B-3AF5-48DB-8604-14CC4229F2C3}"
EndProject
Project("{FAE04EC0-301F-11D3-BF4B-00C04F79EFBC}") = "Unicon2.Formatting", "Formatting\Unicon2.Formatting\Unicon2.Formatting.csproj", "{DACD757A-1BEE-4C5E-BD62-D5BF7B89DA14}"
EndProject
Project("{FAE04EC0-301F-11D3-BF4B-00C04F79EFBC}") = "Unicon2.Fragments.ModbusMemory", "Fragments\ModBusMemory\Unicon2.Fragments.ModbusMemory\Unicon2.Fragments.ModbusMemory.csproj", "{3C34747B-D562-4900-880D-67E8574544AE}"
EndProject
Project("{FAE04EC0-301F-11D3-BF4B-00C04F79EFBC}") = "Unicon2.Fragments.ModbusMemory.Infrastructure", "Fragments\ModBusMemory\Unicon2.Fragments.ModbusMemory.Infrastructure\Unicon2.Fragments.ModbusMemory.Infrastructure.csproj", "{B53626C7-8A4E-4DAA-B5A2-C28B5EA52E8E}"
EndProject
Project("{FAE04EC0-301F-11D3-BF4B-00C04F79EFBC}") = "Unicon2.Fragments.Journals", "Fragments\Journals\Unicon2.Fragments.Journals\Unicon2.Fragments.Journals.csproj", "{91D9AFB4-A011-4DF9-8BB7-C730009FB48A}"
EndProject
Project("{FAE04EC0-301F-11D3-BF4B-00C04F79EFBC}") = "Unicon2.Fragments.Journals.Editor", "Fragments\Journals\Unicon2.Fragments.Journals.Editor\Unicon2.Fragments.Journals.Editor.csproj", "{7F407E3A-51F9-4D5F-8014-3C371E45BAA9}"
EndProject
Project("{FAE04EC0-301F-11D3-BF4B-00C04F79EFBC}") = "Unicon2.Fragments.Journals.Infrastructure", "Fragments\Journals\Unicon2.Fragments.Journals.Infrastructure\Unicon2.Fragments.Journals.Infrastructure.csproj", "{F8A90D45-3732-4915-A58B-833CFA07EE30}"
EndProject
Project("{FAE04EC0-301F-11D3-BF4B-00C04F79EFBC}") = "Unicon2.Fragments.Configuration", "Fragments\Configuration\Unicon2.Fragments.Configuration\Unicon2.Fragments.Configuration.csproj", "{F35E1178-260C-4DDC-9BC0-A557EC82A5AA}"
EndProject
Project("{FAE04EC0-301F-11D3-BF4B-00C04F79EFBC}") = "Unicon2.Fragments.Configuration.Editor", "Fragments\Configuration\Unicon2.Fragments.Configuration.Editor\Unicon2.Fragments.Configuration.Editor.csproj", "{D1A9A1AC-BFAA-4DA5-AB7D-DB7D082EDFA4}"
EndProject
Project("{FAE04EC0-301F-11D3-BF4B-00C04F79EFBC}") = "Unicon2.Fragments.Configuration.Infrastructure", "Fragments\Configuration\Unicon2.Fragments.Configuration.Infrastructure\Unicon2.Fragments.Configuration.Infrastructure.csproj", "{B809ED9D-0916-49FB-8B7E-D7693836C55E}"
EndProject
Project("{FAE04EC0-301F-11D3-BF4B-00C04F79EFBC}") = "Unicon2.Fragments.Measuring", "Fragments\Measuring\Unicon2.Fragments.Measuring\Unicon2.Fragments.Measuring.csproj", "{AC3F6D9F-5D07-495B-BE6A-4F1E6CE4C392}"
EndProject
Project("{FAE04EC0-301F-11D3-BF4B-00C04F79EFBC}") = "Unicon2.Fragments.Measuring.Editor", "Fragments\Measuring\Unicon2.Fragments.Measuring.Editor\Unicon2.Fragments.Measuring.Editor.csproj", "{2D4814E6-8345-4DF7-8623-824AB20F1CE3}"
EndProject
Project("{FAE04EC0-301F-11D3-BF4B-00C04F79EFBC}") = "Unicon2.Fragments.Measuring.Infrastructure", "Fragments\Measuring\Unicon2.Fragments.Measuring.Infrastructure\Unicon2.Fragments.Measuring.Infrastructure.csproj", "{8860B5A2-74CD-451F-A9C4-290BF6947E0C}"
EndProject
Project("{FAE04EC0-301F-11D3-BF4B-00C04F79EFBC}") = "Unicon2.Fragments.Oscilliscope", "Fragments\Oscilloscope\Unicon2.Fragments.Oscilliscope\Unicon2.Fragments.Oscilliscope.csproj", "{FF127F58-7577-49AE-B63A-0B6B9542EAF6}"
EndProject
Project("{FAE04EC0-301F-11D3-BF4B-00C04F79EFBC}") = "Unicon2.Fragments.Oscilliscope.Editor", "Fragments\Oscilloscope\Unicon2.Fragments.Oscilliscope.Editor\Unicon2.Fragments.Oscilliscope.Editor.csproj", "{32997C3B-9259-4810-B965-DA3C96EA90DE}"
EndProject
Project("{FAE04EC0-301F-11D3-BF4B-00C04F79EFBC}") = "Unicon2.Fragments.Oscilliscope.Infrastructure", "Fragments\Oscilloscope\Unicon2.Fragments.Oscilliscope.Infrastructure\Unicon2.Fragments.Oscilliscope.Infrastructure.csproj", "{36E6F1F4-1191-4160-AB6E-F9956906433A}"
EndProject
Project("{FAE04EC0-301F-11D3-BF4B-00C04F79EFBC}") = "Oscilloscope", "OscViewer\OscMainApp\Oscilloscope.csproj", "{0F8E0B24-8A6B-49D3-B5FB-F300BEBE3811}"
EndProject
Project("{930C7802-8A8C-48F9-8165-68863BCCD9DD}") = "Unicon2.Setup", "Unicon2.Setup\Unicon2.Setup.wixproj", "{2C52DDF2-6377-4333-8226-8E90F5247FF0}"
EndProject
Project("{2150E333-8FDC-42A3-9474-1A3956D46DE8}") = "FileOperations", "FileOperations", "{0B6FEEDB-5975-43D1-BB9D-A8221165821C}"
EndProject
Project("{FAE04EC0-301F-11D3-BF4B-00C04F79EFBC}") = "Unicon2.Fragments.FileOperations", "Fragments\FileOperations\Unicon2.Fragments.FileOperations\Unicon2.Fragments.FileOperations.csproj", "{944258B7-607D-4DE3-B161-D80A89C825AD}"
EndProject
Project("{FAE04EC0-301F-11D3-BF4B-00C04F79EFBC}") = "Unicon2.Fragments.FileOperations.Editor", "Fragments\FileOperations\Unicon2.Fragments.FileOperations.Editor\Unicon2.Fragments.FileOperations.Editor.csproj", "{DC9AD8EF-2C40-4E97-8F5A-FBBD14E30A5B}"
EndProject
Project("{FAE04EC0-301F-11D3-BF4B-00C04F79EFBC}") = "Unicon2.Fragments.FileOperations.Infrastructure", "Fragments\FileOperations\Unicon2.Fragments.FileOperations.Infrastructure\Unicon2.Fragments.FileOperations.Infrastructure.csproj", "{04BC9301-24B1-487A-AB74-BBCEF3EFECC7}"
EndProject
Project("{FAE04EC0-301F-11D3-BF4B-00C04F79EFBC}") = "Unicon2.Fragments.Configuration.Matrix", "Fragments\Configuration\Unicon2.Fragments.Configuration.Matrix\Unicon2.Fragments.Configuration.Matrix.csproj", "{091C3FCE-7FB2-4852-9B3F-7B7C967B84B4}"
EndProject
Project("{2150E333-8FDC-42A3-9474-1A3956D46DE8}") = "Programming", "Programming", "{D7B031E5-74BE-4D4B-AE7A-FDAA540365E5}"
EndProject
Project("{FAE04EC0-301F-11D3-BF4B-00C04F79EFBC}") = "Unicon2.Fragments.Programming", "Fragments\Programming\Unicon2.Fragments.Programming\Unicon2.Fragments.Programming.csproj", "{1265EC7B-41C1-497C-A873-98A6836162F1}"
EndProject
Project("{FAE04EC0-301F-11D3-BF4B-00C04F79EFBC}") = "Unicon2.Fragments.Programming.Editor", "Fragments\Programming\Unicon2.Fragments.Programming.Editor\Unicon2.Fragments.Programming.Editor.csproj", "{1101E22E-FA58-4F20-AA4A-D62DFDFC5059}"
EndProject
Project("{FAE04EC0-301F-11D3-BF4B-00C04F79EFBC}") = "Unicon2.Fragments.Programming.Infrastructure", "Fragments\Programming\Unicon2.Fragments.Programming.Infrastructure\Unicon2.Fragments.Programming.Infrastructure.csproj", "{E77573FC-2072-40FC-B4E4-A13A4F3937C4}"
EndProject
Project("{2150E333-8FDC-42A3-9474-1A3956D46DE8}") = "Connections", "Connections", "{A24A6E6B-3731-4042-8999-F2071BAA4E9D}"
EndProject
Project("{FAE04EC0-301F-11D3-BF4B-00C04F79EFBC}") = "Unicon2.Connections.DataProvider", "Connections\Unicon2.Connections.DataProvider\Unicon2.Connections.DataProvider.csproj", "{18D933A1-2305-473A-A440-8AA40F8DBD7F}"
EndProject
Project("{FAE04EC0-301F-11D3-BF4B-00C04F79EFBC}") = "Unicon2.Connections.ModBusRtuConnection", "Connections\Unicon2.Connections.ModBusRtuConnection\Unicon2.Connections.ModBusRtuConnection.csproj", "{7DBCD949-CD63-44F3-A11B-491D89D71397}"
EndProject
Project("{FAE04EC0-301F-11D3-BF4B-00C04F79EFBC}") = "Unicon2.Connections.ModBusTcpConnection", "Connections\Unicon2.Connections.ModBusTcpConnection\Unicon2.Connections.ModBusTcpConnection.csproj", "{B58DE9D5-66E6-4F90-9775-F866A902E7EF}"
EndProject
Project("{FAE04EC0-301F-11D3-BF4B-00C04F79EFBC}") = "Unicon2.Connections.OfflineConnection", "Connections\Unicon2.Connections.OfflineConnection\Unicon2.Connections.OfflineConnection.csproj", "{24F25022-4A99-4C63-95ED-40BEB122E0ED}"
EndProject
Project("{FAE04EC0-301F-11D3-BF4B-00C04F79EFBC}") = "Unicon2.Unity", "Unicon2.Unity\Unicon2.Unity.csproj", "{4D5A6B2A-5AC6-4D18-A126-A3E2F873C2F8}"
EndProject
Project("{FAE04EC0-301F-11D3-BF4B-00C04F79EFBC}") = "Unicon2.Connections.MockConnection", "Connections\Unicon2.Connections.MockConnection\Unicon2.Connections.MockConnection.csproj", "{0A46905F-1543-4B35-B859-E7B631325559}"
EndProject
Project("{FAE04EC0-301F-11D3-BF4B-00C04F79EFBC}") = "Unicon2.Fragments.Configuration.Exporter", "Fragments\Configuration\Unicon2.Fragments.Configuration.Exporter\Unicon2.Fragments.Configuration.Exporter.csproj", "{143F5015-42FE-4BD5-B642-76B5C489EBEB}"
EndProject
Project("{FAE04EC0-301F-11D3-BF4B-00C04F79EFBC}") = "Unicon2.Fragments.Journals.Exporter", "Fragments\Journals\Unicon2.Fragments.Journals.Exporter\Unicon2.Fragments.Journals.Exporter.csproj", "{5D5389D1-92AA-44B9-93C9-5290501DA8DE}"
EndProject
Global
	GlobalSection(SolutionConfigurationPlatforms) = preSolution
		Debug|Any CPU = Debug|Any CPU
		Debug|x64 = Debug|x64
		Debug|x86 = Debug|x86
		Release|Any CPU = Release|Any CPU
		Release|x64 = Release|x64
		Release|x86 = Release|x86
	EndGlobalSection
	GlobalSection(ProjectConfigurationPlatforms) = postSolution
		{0288D2C4-EC3E-4A92-8EB6-2457AA6E16ED}.Debug|Any CPU.ActiveCfg = Debug|Any CPU
		{0288D2C4-EC3E-4A92-8EB6-2457AA6E16ED}.Debug|Any CPU.Build.0 = Debug|Any CPU
		{0288D2C4-EC3E-4A92-8EB6-2457AA6E16ED}.Debug|x64.ActiveCfg = Debug|Any CPU
		{0288D2C4-EC3E-4A92-8EB6-2457AA6E16ED}.Debug|x64.Build.0 = Debug|Any CPU
		{0288D2C4-EC3E-4A92-8EB6-2457AA6E16ED}.Debug|x86.ActiveCfg = Debug|x86
		{0288D2C4-EC3E-4A92-8EB6-2457AA6E16ED}.Debug|x86.Build.0 = Debug|x86
		{0288D2C4-EC3E-4A92-8EB6-2457AA6E16ED}.Release|Any CPU.ActiveCfg = Release|Any CPU
		{0288D2C4-EC3E-4A92-8EB6-2457AA6E16ED}.Release|Any CPU.Build.0 = Release|Any CPU
		{0288D2C4-EC3E-4A92-8EB6-2457AA6E16ED}.Release|x64.ActiveCfg = Release|Any CPU
		{0288D2C4-EC3E-4A92-8EB6-2457AA6E16ED}.Release|x64.Build.0 = Release|Any CPU
		{0288D2C4-EC3E-4A92-8EB6-2457AA6E16ED}.Release|x86.ActiveCfg = Release|x86
		{0288D2C4-EC3E-4A92-8EB6-2457AA6E16ED}.Release|x86.Build.0 = Release|x86
		{2504F838-86E8-48C4-9288-5EDFB922F0CC}.Debug|Any CPU.ActiveCfg = Debug|Any CPU
		{2504F838-86E8-48C4-9288-5EDFB922F0CC}.Debug|Any CPU.Build.0 = Debug|Any CPU
		{2504F838-86E8-48C4-9288-5EDFB922F0CC}.Debug|x64.ActiveCfg = Debug|Any CPU
		{2504F838-86E8-48C4-9288-5EDFB922F0CC}.Debug|x64.Build.0 = Debug|Any CPU
		{2504F838-86E8-48C4-9288-5EDFB922F0CC}.Debug|x86.ActiveCfg = Debug|x86
		{2504F838-86E8-48C4-9288-5EDFB922F0CC}.Debug|x86.Build.0 = Debug|x86
		{2504F838-86E8-48C4-9288-5EDFB922F0CC}.Release|Any CPU.ActiveCfg = Release|Any CPU
		{2504F838-86E8-48C4-9288-5EDFB922F0CC}.Release|Any CPU.Build.0 = Release|Any CPU
		{2504F838-86E8-48C4-9288-5EDFB922F0CC}.Release|x64.ActiveCfg = Release|Any CPU
		{2504F838-86E8-48C4-9288-5EDFB922F0CC}.Release|x64.Build.0 = Release|Any CPU
		{2504F838-86E8-48C4-9288-5EDFB922F0CC}.Release|x86.ActiveCfg = Release|x86
		{2504F838-86E8-48C4-9288-5EDFB922F0CC}.Release|x86.Build.0 = Release|x86
		{D025EC77-DFD4-444E-8F2C-218A5181C721}.Debug|Any CPU.ActiveCfg = Debug|Any CPU
		{D025EC77-DFD4-444E-8F2C-218A5181C721}.Debug|Any CPU.Build.0 = Debug|Any CPU
		{D025EC77-DFD4-444E-8F2C-218A5181C721}.Debug|x64.ActiveCfg = Debug|Any CPU
		{D025EC77-DFD4-444E-8F2C-218A5181C721}.Debug|x64.Build.0 = Debug|Any CPU
		{D025EC77-DFD4-444E-8F2C-218A5181C721}.Debug|x86.ActiveCfg = Debug|x86
		{D025EC77-DFD4-444E-8F2C-218A5181C721}.Debug|x86.Build.0 = Debug|x86
		{D025EC77-DFD4-444E-8F2C-218A5181C721}.Release|Any CPU.ActiveCfg = Release|Any CPU
		{D025EC77-DFD4-444E-8F2C-218A5181C721}.Release|Any CPU.Build.0 = Release|Any CPU
		{D025EC77-DFD4-444E-8F2C-218A5181C721}.Release|x64.ActiveCfg = Release|Any CPU
		{D025EC77-DFD4-444E-8F2C-218A5181C721}.Release|x64.Build.0 = Release|Any CPU
		{D025EC77-DFD4-444E-8F2C-218A5181C721}.Release|x86.ActiveCfg = Release|x86
		{D025EC77-DFD4-444E-8F2C-218A5181C721}.Release|x86.Build.0 = Release|x86
		{326BC120-600A-409B-B24B-46B245131288}.Debug|Any CPU.ActiveCfg = Debug|Any CPU
		{326BC120-600A-409B-B24B-46B245131288}.Debug|Any CPU.Build.0 = Debug|Any CPU
		{326BC120-600A-409B-B24B-46B245131288}.Debug|x64.ActiveCfg = Debug|Any CPU
		{326BC120-600A-409B-B24B-46B245131288}.Debug|x64.Build.0 = Debug|Any CPU
		{326BC120-600A-409B-B24B-46B245131288}.Debug|x86.ActiveCfg = Debug|x86
		{326BC120-600A-409B-B24B-46B245131288}.Debug|x86.Build.0 = Debug|x86
		{326BC120-600A-409B-B24B-46B245131288}.Release|Any CPU.ActiveCfg = Release|Any CPU
		{326BC120-600A-409B-B24B-46B245131288}.Release|Any CPU.Build.0 = Release|Any CPU
		{326BC120-600A-409B-B24B-46B245131288}.Release|x64.ActiveCfg = Release|Any CPU
		{326BC120-600A-409B-B24B-46B245131288}.Release|x64.Build.0 = Release|Any CPU
		{326BC120-600A-409B-B24B-46B245131288}.Release|x86.ActiveCfg = Release|x86
		{326BC120-600A-409B-B24B-46B245131288}.Release|x86.Build.0 = Release|x86
		{CA06A2C8-E39C-4D5C-B19B-3C60E7151AEF}.Debug|Any CPU.ActiveCfg = Debug|Any CPU
		{CA06A2C8-E39C-4D5C-B19B-3C60E7151AEF}.Debug|Any CPU.Build.0 = Debug|Any CPU
		{CA06A2C8-E39C-4D5C-B19B-3C60E7151AEF}.Debug|x64.ActiveCfg = Debug|Any CPU
		{CA06A2C8-E39C-4D5C-B19B-3C60E7151AEF}.Debug|x64.Build.0 = Debug|Any CPU
		{CA06A2C8-E39C-4D5C-B19B-3C60E7151AEF}.Debug|x86.ActiveCfg = Debug|x86
		{CA06A2C8-E39C-4D5C-B19B-3C60E7151AEF}.Debug|x86.Build.0 = Debug|x86
		{CA06A2C8-E39C-4D5C-B19B-3C60E7151AEF}.Release|Any CPU.ActiveCfg = Release|Any CPU
		{CA06A2C8-E39C-4D5C-B19B-3C60E7151AEF}.Release|Any CPU.Build.0 = Release|Any CPU
		{CA06A2C8-E39C-4D5C-B19B-3C60E7151AEF}.Release|x64.ActiveCfg = Release|Any CPU
		{CA06A2C8-E39C-4D5C-B19B-3C60E7151AEF}.Release|x64.Build.0 = Release|Any CPU
		{CA06A2C8-E39C-4D5C-B19B-3C60E7151AEF}.Release|x86.ActiveCfg = Release|x86
		{CA06A2C8-E39C-4D5C-B19B-3C60E7151AEF}.Release|x86.Build.0 = Release|x86
		{2080FEE4-0721-4EA8-9BE3-34808437FAEB}.Debug|Any CPU.ActiveCfg = Debug|Any CPU
		{2080FEE4-0721-4EA8-9BE3-34808437FAEB}.Debug|Any CPU.Build.0 = Debug|Any CPU
		{2080FEE4-0721-4EA8-9BE3-34808437FAEB}.Debug|x64.ActiveCfg = Debug|Any CPU
		{2080FEE4-0721-4EA8-9BE3-34808437FAEB}.Debug|x64.Build.0 = Debug|Any CPU
		{2080FEE4-0721-4EA8-9BE3-34808437FAEB}.Debug|x86.ActiveCfg = Debug|x86
		{2080FEE4-0721-4EA8-9BE3-34808437FAEB}.Debug|x86.Build.0 = Debug|x86
		{2080FEE4-0721-4EA8-9BE3-34808437FAEB}.Release|Any CPU.ActiveCfg = Release|Any CPU
		{2080FEE4-0721-4EA8-9BE3-34808437FAEB}.Release|Any CPU.Build.0 = Release|Any CPU
		{2080FEE4-0721-4EA8-9BE3-34808437FAEB}.Release|x64.ActiveCfg = Release|Any CPU
		{2080FEE4-0721-4EA8-9BE3-34808437FAEB}.Release|x64.Build.0 = Release|Any CPU
		{2080FEE4-0721-4EA8-9BE3-34808437FAEB}.Release|x86.ActiveCfg = Release|x86
		{2080FEE4-0721-4EA8-9BE3-34808437FAEB}.Release|x86.Build.0 = Release|x86
		{973B568F-ED39-4B50-BB1F-DEDE5E61B73A}.Debug|Any CPU.ActiveCfg = Debug|Any CPU
		{973B568F-ED39-4B50-BB1F-DEDE5E61B73A}.Debug|Any CPU.Build.0 = Debug|Any CPU
		{973B568F-ED39-4B50-BB1F-DEDE5E61B73A}.Debug|x64.ActiveCfg = Debug|Any CPU
		{973B568F-ED39-4B50-BB1F-DEDE5E61B73A}.Debug|x64.Build.0 = Debug|Any CPU
		{973B568F-ED39-4B50-BB1F-DEDE5E61B73A}.Debug|x86.ActiveCfg = Debug|x86
		{973B568F-ED39-4B50-BB1F-DEDE5E61B73A}.Debug|x86.Build.0 = Debug|x86
		{973B568F-ED39-4B50-BB1F-DEDE5E61B73A}.Release|Any CPU.ActiveCfg = Release|Any CPU
		{973B568F-ED39-4B50-BB1F-DEDE5E61B73A}.Release|Any CPU.Build.0 = Release|Any CPU
		{973B568F-ED39-4B50-BB1F-DEDE5E61B73A}.Release|x64.ActiveCfg = Release|Any CPU
		{973B568F-ED39-4B50-BB1F-DEDE5E61B73A}.Release|x64.Build.0 = Release|Any CPU
		{973B568F-ED39-4B50-BB1F-DEDE5E61B73A}.Release|x86.ActiveCfg = Release|x86
		{973B568F-ED39-4B50-BB1F-DEDE5E61B73A}.Release|x86.Build.0 = Release|x86
		{EF9BF685-16AA-4942-A33C-D65562BD4215}.Debug|Any CPU.ActiveCfg = Debug|Any CPU
		{EF9BF685-16AA-4942-A33C-D65562BD4215}.Debug|Any CPU.Build.0 = Debug|Any CPU
		{EF9BF685-16AA-4942-A33C-D65562BD4215}.Debug|x64.ActiveCfg = Debug|Any CPU
		{EF9BF685-16AA-4942-A33C-D65562BD4215}.Debug|x64.Build.0 = Debug|Any CPU
		{EF9BF685-16AA-4942-A33C-D65562BD4215}.Debug|x86.ActiveCfg = Debug|x86
		{EF9BF685-16AA-4942-A33C-D65562BD4215}.Debug|x86.Build.0 = Debug|x86
		{EF9BF685-16AA-4942-A33C-D65562BD4215}.Release|Any CPU.ActiveCfg = Release|Any CPU
		{EF9BF685-16AA-4942-A33C-D65562BD4215}.Release|Any CPU.Build.0 = Release|Any CPU
		{EF9BF685-16AA-4942-A33C-D65562BD4215}.Release|x64.ActiveCfg = Release|Any CPU
		{EF9BF685-16AA-4942-A33C-D65562BD4215}.Release|x64.Build.0 = Release|Any CPU
		{EF9BF685-16AA-4942-A33C-D65562BD4215}.Release|x86.ActiveCfg = Release|x86
		{EF9BF685-16AA-4942-A33C-D65562BD4215}.Release|x86.Build.0 = Release|x86
		{3C6C1C77-4826-4D28-8F4F-8680EEBD02E7}.Debug|Any CPU.ActiveCfg = Debug|Any CPU
		{3C6C1C77-4826-4D28-8F4F-8680EEBD02E7}.Debug|Any CPU.Build.0 = Debug|Any CPU
		{3C6C1C77-4826-4D28-8F4F-8680EEBD02E7}.Debug|x64.ActiveCfg = Debug|Any CPU
		{3C6C1C77-4826-4D28-8F4F-8680EEBD02E7}.Debug|x64.Build.0 = Debug|Any CPU
		{3C6C1C77-4826-4D28-8F4F-8680EEBD02E7}.Debug|x86.ActiveCfg = Debug|x86
		{3C6C1C77-4826-4D28-8F4F-8680EEBD02E7}.Debug|x86.Build.0 = Debug|x86
		{3C6C1C77-4826-4D28-8F4F-8680EEBD02E7}.Release|Any CPU.ActiveCfg = Release|Any CPU
		{3C6C1C77-4826-4D28-8F4F-8680EEBD02E7}.Release|Any CPU.Build.0 = Release|Any CPU
		{3C6C1C77-4826-4D28-8F4F-8680EEBD02E7}.Release|x64.ActiveCfg = Release|Any CPU
		{3C6C1C77-4826-4D28-8F4F-8680EEBD02E7}.Release|x64.Build.0 = Release|Any CPU
		{3C6C1C77-4826-4D28-8F4F-8680EEBD02E7}.Release|x86.ActiveCfg = Release|x86
		{3C6C1C77-4826-4D28-8F4F-8680EEBD02E7}.Release|x86.Build.0 = Release|x86
		{E263B732-5DC2-4237-9C45-2B655C51A033}.Debug|Any CPU.ActiveCfg = Debug|Any CPU
		{E263B732-5DC2-4237-9C45-2B655C51A033}.Debug|Any CPU.Build.0 = Debug|Any CPU
		{E263B732-5DC2-4237-9C45-2B655C51A033}.Debug|x64.ActiveCfg = Debug|Any CPU
		{E263B732-5DC2-4237-9C45-2B655C51A033}.Debug|x64.Build.0 = Debug|Any CPU
		{E263B732-5DC2-4237-9C45-2B655C51A033}.Debug|x86.ActiveCfg = Debug|x86
		{E263B732-5DC2-4237-9C45-2B655C51A033}.Debug|x86.Build.0 = Debug|x86
		{E263B732-5DC2-4237-9C45-2B655C51A033}.Release|Any CPU.ActiveCfg = Release|Any CPU
		{E263B732-5DC2-4237-9C45-2B655C51A033}.Release|Any CPU.Build.0 = Release|Any CPU
		{E263B732-5DC2-4237-9C45-2B655C51A033}.Release|x64.ActiveCfg = Release|Any CPU
		{E263B732-5DC2-4237-9C45-2B655C51A033}.Release|x64.Build.0 = Release|Any CPU
		{E263B732-5DC2-4237-9C45-2B655C51A033}.Release|x86.ActiveCfg = Release|x86
		{E263B732-5DC2-4237-9C45-2B655C51A033}.Release|x86.Build.0 = Release|x86
		{8212BD78-1DFC-46A2-9238-72CB48BEB6A4}.Debug|Any CPU.ActiveCfg = Debug|Any CPU
		{8212BD78-1DFC-46A2-9238-72CB48BEB6A4}.Debug|Any CPU.Build.0 = Debug|Any CPU
		{8212BD78-1DFC-46A2-9238-72CB48BEB6A4}.Debug|x64.ActiveCfg = Debug|Any CPU
		{8212BD78-1DFC-46A2-9238-72CB48BEB6A4}.Debug|x64.Build.0 = Debug|Any CPU
		{8212BD78-1DFC-46A2-9238-72CB48BEB6A4}.Debug|x86.ActiveCfg = Debug|Any CPU
		{8212BD78-1DFC-46A2-9238-72CB48BEB6A4}.Debug|x86.Build.0 = Debug|Any CPU
		{8212BD78-1DFC-46A2-9238-72CB48BEB6A4}.Release|Any CPU.ActiveCfg = Release|Any CPU
		{8212BD78-1DFC-46A2-9238-72CB48BEB6A4}.Release|Any CPU.Build.0 = Release|Any CPU
		{8212BD78-1DFC-46A2-9238-72CB48BEB6A4}.Release|x64.ActiveCfg = Release|Any CPU
		{8212BD78-1DFC-46A2-9238-72CB48BEB6A4}.Release|x64.Build.0 = Release|Any CPU
		{8212BD78-1DFC-46A2-9238-72CB48BEB6A4}.Release|x86.ActiveCfg = Release|Any CPU
		{8212BD78-1DFC-46A2-9238-72CB48BEB6A4}.Release|x86.Build.0 = Release|Any CPU
		{A9346AD3-B5FE-4904-8E42-568A4A97D5AB}.Debug|Any CPU.ActiveCfg = Debug|Any CPU
		{A9346AD3-B5FE-4904-8E42-568A4A97D5AB}.Debug|Any CPU.Build.0 = Debug|Any CPU
		{A9346AD3-B5FE-4904-8E42-568A4A97D5AB}.Debug|x64.ActiveCfg = Debug|Any CPU
		{A9346AD3-B5FE-4904-8E42-568A4A97D5AB}.Debug|x64.Build.0 = Debug|Any CPU
		{A9346AD3-B5FE-4904-8E42-568A4A97D5AB}.Debug|x86.ActiveCfg = Debug|Any CPU
		{A9346AD3-B5FE-4904-8E42-568A4A97D5AB}.Debug|x86.Build.0 = Debug|Any CPU
		{A9346AD3-B5FE-4904-8E42-568A4A97D5AB}.Release|Any CPU.ActiveCfg = Release|Any CPU
		{A9346AD3-B5FE-4904-8E42-568A4A97D5AB}.Release|Any CPU.Build.0 = Release|Any CPU
		{A9346AD3-B5FE-4904-8E42-568A4A97D5AB}.Release|x64.ActiveCfg = Release|Any CPU
		{A9346AD3-B5FE-4904-8E42-568A4A97D5AB}.Release|x64.Build.0 = Release|Any CPU
		{A9346AD3-B5FE-4904-8E42-568A4A97D5AB}.Release|x86.ActiveCfg = Release|Any CPU
		{A9346AD3-B5FE-4904-8E42-568A4A97D5AB}.Release|x86.Build.0 = Release|Any CPU
		{52160559-1680-4655-8F52-93318051FC2B}.Debug|Any CPU.ActiveCfg = Debug|Any CPU
		{52160559-1680-4655-8F52-93318051FC2B}.Debug|Any CPU.Build.0 = Debug|Any CPU
		{52160559-1680-4655-8F52-93318051FC2B}.Debug|x64.ActiveCfg = Debug|Any CPU
		{52160559-1680-4655-8F52-93318051FC2B}.Debug|x64.Build.0 = Debug|Any CPU
		{52160559-1680-4655-8F52-93318051FC2B}.Debug|x86.ActiveCfg = Debug|Any CPU
		{52160559-1680-4655-8F52-93318051FC2B}.Debug|x86.Build.0 = Debug|Any CPU
		{52160559-1680-4655-8F52-93318051FC2B}.Release|Any CPU.ActiveCfg = Release|Any CPU
		{52160559-1680-4655-8F52-93318051FC2B}.Release|Any CPU.Build.0 = Release|Any CPU
		{52160559-1680-4655-8F52-93318051FC2B}.Release|x64.ActiveCfg = Release|Any CPU
		{52160559-1680-4655-8F52-93318051FC2B}.Release|x64.Build.0 = Release|Any CPU
		{52160559-1680-4655-8F52-93318051FC2B}.Release|x86.ActiveCfg = Release|Any CPU
		{52160559-1680-4655-8F52-93318051FC2B}.Release|x86.Build.0 = Release|Any CPU
		{A8A19504-975E-435B-9B04-6ABB7D4BB643}.Debug|Any CPU.ActiveCfg = Debug|Any CPU
		{A8A19504-975E-435B-9B04-6ABB7D4BB643}.Debug|Any CPU.Build.0 = Debug|Any CPU
		{A8A19504-975E-435B-9B04-6ABB7D4BB643}.Debug|x64.ActiveCfg = Debug|Any CPU
		{A8A19504-975E-435B-9B04-6ABB7D4BB643}.Debug|x64.Build.0 = Debug|Any CPU
		{A8A19504-975E-435B-9B04-6ABB7D4BB643}.Debug|x86.ActiveCfg = Debug|Any CPU
		{A8A19504-975E-435B-9B04-6ABB7D4BB643}.Debug|x86.Build.0 = Debug|Any CPU
		{A8A19504-975E-435B-9B04-6ABB7D4BB643}.Release|Any CPU.ActiveCfg = Release|Any CPU
		{A8A19504-975E-435B-9B04-6ABB7D4BB643}.Release|Any CPU.Build.0 = Release|Any CPU
		{A8A19504-975E-435B-9B04-6ABB7D4BB643}.Release|x64.ActiveCfg = Release|Any CPU
		{A8A19504-975E-435B-9B04-6ABB7D4BB643}.Release|x64.Build.0 = Release|Any CPU
		{A8A19504-975E-435B-9B04-6ABB7D4BB643}.Release|x86.ActiveCfg = Release|Any CPU
		{A8A19504-975E-435B-9B04-6ABB7D4BB643}.Release|x86.Build.0 = Release|Any CPU
		{0F26E688-7767-4264-B287-43DA0C5D8C58}.Debug|Any CPU.ActiveCfg = Debug|Any CPU
		{0F26E688-7767-4264-B287-43DA0C5D8C58}.Debug|Any CPU.Build.0 = Debug|Any CPU
		{0F26E688-7767-4264-B287-43DA0C5D8C58}.Debug|x64.ActiveCfg = Debug|Any CPU
		{0F26E688-7767-4264-B287-43DA0C5D8C58}.Debug|x64.Build.0 = Debug|Any CPU
		{0F26E688-7767-4264-B287-43DA0C5D8C58}.Debug|x86.ActiveCfg = Debug|Any CPU
		{0F26E688-7767-4264-B287-43DA0C5D8C58}.Debug|x86.Build.0 = Debug|Any CPU
		{0F26E688-7767-4264-B287-43DA0C5D8C58}.Release|Any CPU.ActiveCfg = Release|Any CPU
		{0F26E688-7767-4264-B287-43DA0C5D8C58}.Release|Any CPU.Build.0 = Release|Any CPU
		{0F26E688-7767-4264-B287-43DA0C5D8C58}.Release|x64.ActiveCfg = Release|Any CPU
		{0F26E688-7767-4264-B287-43DA0C5D8C58}.Release|x64.Build.0 = Release|Any CPU
		{0F26E688-7767-4264-B287-43DA0C5D8C58}.Release|x86.ActiveCfg = Release|Any CPU
		{0F26E688-7767-4264-B287-43DA0C5D8C58}.Release|x86.Build.0 = Release|Any CPU
		{2A80AB3B-3AF5-48DB-8604-14CC4229F2C3}.Debug|Any CPU.ActiveCfg = Debug|Any CPU
		{2A80AB3B-3AF5-48DB-8604-14CC4229F2C3}.Debug|Any CPU.Build.0 = Debug|Any CPU
		{2A80AB3B-3AF5-48DB-8604-14CC4229F2C3}.Debug|x64.ActiveCfg = Debug|Any CPU
		{2A80AB3B-3AF5-48DB-8604-14CC4229F2C3}.Debug|x64.Build.0 = Debug|Any CPU
		{2A80AB3B-3AF5-48DB-8604-14CC4229F2C3}.Debug|x86.ActiveCfg = Debug|Any CPU
		{2A80AB3B-3AF5-48DB-8604-14CC4229F2C3}.Debug|x86.Build.0 = Debug|Any CPU
		{2A80AB3B-3AF5-48DB-8604-14CC4229F2C3}.Release|Any CPU.ActiveCfg = Release|Any CPU
		{2A80AB3B-3AF5-48DB-8604-14CC4229F2C3}.Release|Any CPU.Build.0 = Release|Any CPU
		{2A80AB3B-3AF5-48DB-8604-14CC4229F2C3}.Release|x64.ActiveCfg = Release|Any CPU
		{2A80AB3B-3AF5-48DB-8604-14CC4229F2C3}.Release|x64.Build.0 = Release|Any CPU
		{2A80AB3B-3AF5-48DB-8604-14CC4229F2C3}.Release|x86.ActiveCfg = Release|Any CPU
		{2A80AB3B-3AF5-48DB-8604-14CC4229F2C3}.Release|x86.Build.0 = Release|Any CPU
		{DACD757A-1BEE-4C5E-BD62-D5BF7B89DA14}.Debug|Any CPU.ActiveCfg = Debug|Any CPU
		{DACD757A-1BEE-4C5E-BD62-D5BF7B89DA14}.Debug|Any CPU.Build.0 = Debug|Any CPU
		{DACD757A-1BEE-4C5E-BD62-D5BF7B89DA14}.Debug|x64.ActiveCfg = Debug|Any CPU
		{DACD757A-1BEE-4C5E-BD62-D5BF7B89DA14}.Debug|x64.Build.0 = Debug|Any CPU
		{DACD757A-1BEE-4C5E-BD62-D5BF7B89DA14}.Debug|x86.ActiveCfg = Debug|Any CPU
		{DACD757A-1BEE-4C5E-BD62-D5BF7B89DA14}.Debug|x86.Build.0 = Debug|Any CPU
		{DACD757A-1BEE-4C5E-BD62-D5BF7B89DA14}.Release|Any CPU.ActiveCfg = Release|Any CPU
		{DACD757A-1BEE-4C5E-BD62-D5BF7B89DA14}.Release|Any CPU.Build.0 = Release|Any CPU
		{DACD757A-1BEE-4C5E-BD62-D5BF7B89DA14}.Release|x64.ActiveCfg = Release|Any CPU
		{DACD757A-1BEE-4C5E-BD62-D5BF7B89DA14}.Release|x64.Build.0 = Release|Any CPU
		{DACD757A-1BEE-4C5E-BD62-D5BF7B89DA14}.Release|x86.ActiveCfg = Release|Any CPU
		{DACD757A-1BEE-4C5E-BD62-D5BF7B89DA14}.Release|x86.Build.0 = Release|Any CPU
		{3C34747B-D562-4900-880D-67E8574544AE}.Debug|Any CPU.ActiveCfg = Debug|Any CPU
		{3C34747B-D562-4900-880D-67E8574544AE}.Debug|Any CPU.Build.0 = Debug|Any CPU
		{3C34747B-D562-4900-880D-67E8574544AE}.Debug|x64.ActiveCfg = Debug|Any CPU
		{3C34747B-D562-4900-880D-67E8574544AE}.Debug|x64.Build.0 = Debug|Any CPU
		{3C34747B-D562-4900-880D-67E8574544AE}.Debug|x86.ActiveCfg = Debug|Any CPU
		{3C34747B-D562-4900-880D-67E8574544AE}.Debug|x86.Build.0 = Debug|Any CPU
		{3C34747B-D562-4900-880D-67E8574544AE}.Release|Any CPU.ActiveCfg = Release|Any CPU
		{3C34747B-D562-4900-880D-67E8574544AE}.Release|Any CPU.Build.0 = Release|Any CPU
		{3C34747B-D562-4900-880D-67E8574544AE}.Release|x64.ActiveCfg = Release|Any CPU
		{3C34747B-D562-4900-880D-67E8574544AE}.Release|x64.Build.0 = Release|Any CPU
		{3C34747B-D562-4900-880D-67E8574544AE}.Release|x86.ActiveCfg = Release|Any CPU
		{3C34747B-D562-4900-880D-67E8574544AE}.Release|x86.Build.0 = Release|Any CPU
		{B53626C7-8A4E-4DAA-B5A2-C28B5EA52E8E}.Debug|Any CPU.ActiveCfg = Debug|Any CPU
		{B53626C7-8A4E-4DAA-B5A2-C28B5EA52E8E}.Debug|Any CPU.Build.0 = Debug|Any CPU
		{B53626C7-8A4E-4DAA-B5A2-C28B5EA52E8E}.Debug|x64.ActiveCfg = Debug|Any CPU
		{B53626C7-8A4E-4DAA-B5A2-C28B5EA52E8E}.Debug|x64.Build.0 = Debug|Any CPU
		{B53626C7-8A4E-4DAA-B5A2-C28B5EA52E8E}.Debug|x86.ActiveCfg = Debug|Any CPU
		{B53626C7-8A4E-4DAA-B5A2-C28B5EA52E8E}.Debug|x86.Build.0 = Debug|Any CPU
		{B53626C7-8A4E-4DAA-B5A2-C28B5EA52E8E}.Release|Any CPU.ActiveCfg = Release|Any CPU
		{B53626C7-8A4E-4DAA-B5A2-C28B5EA52E8E}.Release|Any CPU.Build.0 = Release|Any CPU
		{B53626C7-8A4E-4DAA-B5A2-C28B5EA52E8E}.Release|x64.ActiveCfg = Release|Any CPU
		{B53626C7-8A4E-4DAA-B5A2-C28B5EA52E8E}.Release|x64.Build.0 = Release|Any CPU
		{B53626C7-8A4E-4DAA-B5A2-C28B5EA52E8E}.Release|x86.ActiveCfg = Release|Any CPU
		{B53626C7-8A4E-4DAA-B5A2-C28B5EA52E8E}.Release|x86.Build.0 = Release|Any CPU
		{91D9AFB4-A011-4DF9-8BB7-C730009FB48A}.Debug|Any CPU.ActiveCfg = Debug|Any CPU
		{91D9AFB4-A011-4DF9-8BB7-C730009FB48A}.Debug|Any CPU.Build.0 = Debug|Any CPU
		{91D9AFB4-A011-4DF9-8BB7-C730009FB48A}.Debug|x64.ActiveCfg = Debug|Any CPU
		{91D9AFB4-A011-4DF9-8BB7-C730009FB48A}.Debug|x64.Build.0 = Debug|Any CPU
		{91D9AFB4-A011-4DF9-8BB7-C730009FB48A}.Debug|x86.ActiveCfg = Debug|Any CPU
		{91D9AFB4-A011-4DF9-8BB7-C730009FB48A}.Debug|x86.Build.0 = Debug|Any CPU
		{91D9AFB4-A011-4DF9-8BB7-C730009FB48A}.Release|Any CPU.ActiveCfg = Release|Any CPU
		{91D9AFB4-A011-4DF9-8BB7-C730009FB48A}.Release|Any CPU.Build.0 = Release|Any CPU
		{91D9AFB4-A011-4DF9-8BB7-C730009FB48A}.Release|x64.ActiveCfg = Release|Any CPU
		{91D9AFB4-A011-4DF9-8BB7-C730009FB48A}.Release|x64.Build.0 = Release|Any CPU
		{91D9AFB4-A011-4DF9-8BB7-C730009FB48A}.Release|x86.ActiveCfg = Release|Any CPU
		{91D9AFB4-A011-4DF9-8BB7-C730009FB48A}.Release|x86.Build.0 = Release|Any CPU
		{7F407E3A-51F9-4D5F-8014-3C371E45BAA9}.Debug|Any CPU.ActiveCfg = Debug|Any CPU
		{7F407E3A-51F9-4D5F-8014-3C371E45BAA9}.Debug|Any CPU.Build.0 = Debug|Any CPU
		{7F407E3A-51F9-4D5F-8014-3C371E45BAA9}.Debug|x64.ActiveCfg = Debug|Any CPU
		{7F407E3A-51F9-4D5F-8014-3C371E45BAA9}.Debug|x64.Build.0 = Debug|Any CPU
		{7F407E3A-51F9-4D5F-8014-3C371E45BAA9}.Debug|x86.ActiveCfg = Debug|Any CPU
		{7F407E3A-51F9-4D5F-8014-3C371E45BAA9}.Debug|x86.Build.0 = Debug|Any CPU
		{7F407E3A-51F9-4D5F-8014-3C371E45BAA9}.Release|Any CPU.ActiveCfg = Release|Any CPU
		{7F407E3A-51F9-4D5F-8014-3C371E45BAA9}.Release|Any CPU.Build.0 = Release|Any CPU
		{7F407E3A-51F9-4D5F-8014-3C371E45BAA9}.Release|x64.ActiveCfg = Release|Any CPU
		{7F407E3A-51F9-4D5F-8014-3C371E45BAA9}.Release|x64.Build.0 = Release|Any CPU
		{7F407E3A-51F9-4D5F-8014-3C371E45BAA9}.Release|x86.ActiveCfg = Release|Any CPU
		{7F407E3A-51F9-4D5F-8014-3C371E45BAA9}.Release|x86.Build.0 = Release|Any CPU
		{F8A90D45-3732-4915-A58B-833CFA07EE30}.Debug|Any CPU.ActiveCfg = Debug|Any CPU
		{F8A90D45-3732-4915-A58B-833CFA07EE30}.Debug|Any CPU.Build.0 = Debug|Any CPU
		{F8A90D45-3732-4915-A58B-833CFA07EE30}.Debug|x64.ActiveCfg = Debug|Any CPU
		{F8A90D45-3732-4915-A58B-833CFA07EE30}.Debug|x64.Build.0 = Debug|Any CPU
		{F8A90D45-3732-4915-A58B-833CFA07EE30}.Debug|x86.ActiveCfg = Debug|Any CPU
		{F8A90D45-3732-4915-A58B-833CFA07EE30}.Debug|x86.Build.0 = Debug|Any CPU
		{F8A90D45-3732-4915-A58B-833CFA07EE30}.Release|Any CPU.ActiveCfg = Release|Any CPU
		{F8A90D45-3732-4915-A58B-833CFA07EE30}.Release|Any CPU.Build.0 = Release|Any CPU
		{F8A90D45-3732-4915-A58B-833CFA07EE30}.Release|x64.ActiveCfg = Release|Any CPU
		{F8A90D45-3732-4915-A58B-833CFA07EE30}.Release|x64.Build.0 = Release|Any CPU
		{F8A90D45-3732-4915-A58B-833CFA07EE30}.Release|x86.ActiveCfg = Release|Any CPU
		{F8A90D45-3732-4915-A58B-833CFA07EE30}.Release|x86.Build.0 = Release|Any CPU
		{F35E1178-260C-4DDC-9BC0-A557EC82A5AA}.Debug|Any CPU.ActiveCfg = Debug|Any CPU
		{F35E1178-260C-4DDC-9BC0-A557EC82A5AA}.Debug|Any CPU.Build.0 = Debug|Any CPU
		{F35E1178-260C-4DDC-9BC0-A557EC82A5AA}.Debug|x64.ActiveCfg = Debug|Any CPU
		{F35E1178-260C-4DDC-9BC0-A557EC82A5AA}.Debug|x64.Build.0 = Debug|Any CPU
		{F35E1178-260C-4DDC-9BC0-A557EC82A5AA}.Debug|x86.ActiveCfg = Debug|Any CPU
		{F35E1178-260C-4DDC-9BC0-A557EC82A5AA}.Debug|x86.Build.0 = Debug|Any CPU
		{F35E1178-260C-4DDC-9BC0-A557EC82A5AA}.Release|Any CPU.ActiveCfg = Release|Any CPU
		{F35E1178-260C-4DDC-9BC0-A557EC82A5AA}.Release|Any CPU.Build.0 = Release|Any CPU
		{F35E1178-260C-4DDC-9BC0-A557EC82A5AA}.Release|x64.ActiveCfg = Release|Any CPU
		{F35E1178-260C-4DDC-9BC0-A557EC82A5AA}.Release|x64.Build.0 = Release|Any CPU
		{F35E1178-260C-4DDC-9BC0-A557EC82A5AA}.Release|x86.ActiveCfg = Release|Any CPU
		{F35E1178-260C-4DDC-9BC0-A557EC82A5AA}.Release|x86.Build.0 = Release|Any CPU
		{D1A9A1AC-BFAA-4DA5-AB7D-DB7D082EDFA4}.Debug|Any CPU.ActiveCfg = Debug|Any CPU
		{D1A9A1AC-BFAA-4DA5-AB7D-DB7D082EDFA4}.Debug|Any CPU.Build.0 = Debug|Any CPU
		{D1A9A1AC-BFAA-4DA5-AB7D-DB7D082EDFA4}.Debug|x64.ActiveCfg = Debug|Any CPU
		{D1A9A1AC-BFAA-4DA5-AB7D-DB7D082EDFA4}.Debug|x64.Build.0 = Debug|Any CPU
		{D1A9A1AC-BFAA-4DA5-AB7D-DB7D082EDFA4}.Debug|x86.ActiveCfg = Debug|Any CPU
		{D1A9A1AC-BFAA-4DA5-AB7D-DB7D082EDFA4}.Debug|x86.Build.0 = Debug|Any CPU
		{D1A9A1AC-BFAA-4DA5-AB7D-DB7D082EDFA4}.Release|Any CPU.ActiveCfg = Release|Any CPU
		{D1A9A1AC-BFAA-4DA5-AB7D-DB7D082EDFA4}.Release|Any CPU.Build.0 = Release|Any CPU
		{D1A9A1AC-BFAA-4DA5-AB7D-DB7D082EDFA4}.Release|x64.ActiveCfg = Release|Any CPU
		{D1A9A1AC-BFAA-4DA5-AB7D-DB7D082EDFA4}.Release|x64.Build.0 = Release|Any CPU
		{D1A9A1AC-BFAA-4DA5-AB7D-DB7D082EDFA4}.Release|x86.ActiveCfg = Release|Any CPU
		{D1A9A1AC-BFAA-4DA5-AB7D-DB7D082EDFA4}.Release|x86.Build.0 = Release|Any CPU
		{B809ED9D-0916-49FB-8B7E-D7693836C55E}.Debug|Any CPU.ActiveCfg = Debug|Any CPU
		{B809ED9D-0916-49FB-8B7E-D7693836C55E}.Debug|Any CPU.Build.0 = Debug|Any CPU
		{B809ED9D-0916-49FB-8B7E-D7693836C55E}.Debug|x64.ActiveCfg = Debug|Any CPU
		{B809ED9D-0916-49FB-8B7E-D7693836C55E}.Debug|x64.Build.0 = Debug|Any CPU
		{B809ED9D-0916-49FB-8B7E-D7693836C55E}.Debug|x86.ActiveCfg = Debug|Any CPU
		{B809ED9D-0916-49FB-8B7E-D7693836C55E}.Debug|x86.Build.0 = Debug|Any CPU
		{B809ED9D-0916-49FB-8B7E-D7693836C55E}.Release|Any CPU.ActiveCfg = Release|Any CPU
		{B809ED9D-0916-49FB-8B7E-D7693836C55E}.Release|Any CPU.Build.0 = Release|Any CPU
		{B809ED9D-0916-49FB-8B7E-D7693836C55E}.Release|x64.ActiveCfg = Release|Any CPU
		{B809ED9D-0916-49FB-8B7E-D7693836C55E}.Release|x64.Build.0 = Release|Any CPU
		{B809ED9D-0916-49FB-8B7E-D7693836C55E}.Release|x86.ActiveCfg = Release|Any CPU
		{B809ED9D-0916-49FB-8B7E-D7693836C55E}.Release|x86.Build.0 = Release|Any CPU
		{AC3F6D9F-5D07-495B-BE6A-4F1E6CE4C392}.Debug|Any CPU.ActiveCfg = Debug|Any CPU
		{AC3F6D9F-5D07-495B-BE6A-4F1E6CE4C392}.Debug|Any CPU.Build.0 = Debug|Any CPU
		{AC3F6D9F-5D07-495B-BE6A-4F1E6CE4C392}.Debug|x64.ActiveCfg = Debug|Any CPU
		{AC3F6D9F-5D07-495B-BE6A-4F1E6CE4C392}.Debug|x64.Build.0 = Debug|Any CPU
		{AC3F6D9F-5D07-495B-BE6A-4F1E6CE4C392}.Debug|x86.ActiveCfg = Debug|Any CPU
		{AC3F6D9F-5D07-495B-BE6A-4F1E6CE4C392}.Debug|x86.Build.0 = Debug|Any CPU
		{AC3F6D9F-5D07-495B-BE6A-4F1E6CE4C392}.Release|Any CPU.ActiveCfg = Release|Any CPU
		{AC3F6D9F-5D07-495B-BE6A-4F1E6CE4C392}.Release|Any CPU.Build.0 = Release|Any CPU
		{AC3F6D9F-5D07-495B-BE6A-4F1E6CE4C392}.Release|x64.ActiveCfg = Release|Any CPU
		{AC3F6D9F-5D07-495B-BE6A-4F1E6CE4C392}.Release|x64.Build.0 = Release|Any CPU
		{AC3F6D9F-5D07-495B-BE6A-4F1E6CE4C392}.Release|x86.ActiveCfg = Release|Any CPU
		{AC3F6D9F-5D07-495B-BE6A-4F1E6CE4C392}.Release|x86.Build.0 = Release|Any CPU
		{2D4814E6-8345-4DF7-8623-824AB20F1CE3}.Debug|Any CPU.ActiveCfg = Debug|Any CPU
		{2D4814E6-8345-4DF7-8623-824AB20F1CE3}.Debug|Any CPU.Build.0 = Debug|Any CPU
		{2D4814E6-8345-4DF7-8623-824AB20F1CE3}.Debug|x64.ActiveCfg = Debug|Any CPU
		{2D4814E6-8345-4DF7-8623-824AB20F1CE3}.Debug|x64.Build.0 = Debug|Any CPU
		{2D4814E6-8345-4DF7-8623-824AB20F1CE3}.Debug|x86.ActiveCfg = Debug|Any CPU
		{2D4814E6-8345-4DF7-8623-824AB20F1CE3}.Debug|x86.Build.0 = Debug|Any CPU
		{2D4814E6-8345-4DF7-8623-824AB20F1CE3}.Release|Any CPU.ActiveCfg = Release|Any CPU
		{2D4814E6-8345-4DF7-8623-824AB20F1CE3}.Release|Any CPU.Build.0 = Release|Any CPU
		{2D4814E6-8345-4DF7-8623-824AB20F1CE3}.Release|x64.ActiveCfg = Release|Any CPU
		{2D4814E6-8345-4DF7-8623-824AB20F1CE3}.Release|x64.Build.0 = Release|Any CPU
		{2D4814E6-8345-4DF7-8623-824AB20F1CE3}.Release|x86.ActiveCfg = Release|Any CPU
		{2D4814E6-8345-4DF7-8623-824AB20F1CE3}.Release|x86.Build.0 = Release|Any CPU
		{8860B5A2-74CD-451F-A9C4-290BF6947E0C}.Debug|Any CPU.ActiveCfg = Debug|Any CPU
		{8860B5A2-74CD-451F-A9C4-290BF6947E0C}.Debug|Any CPU.Build.0 = Debug|Any CPU
		{8860B5A2-74CD-451F-A9C4-290BF6947E0C}.Debug|x64.ActiveCfg = Debug|Any CPU
		{8860B5A2-74CD-451F-A9C4-290BF6947E0C}.Debug|x64.Build.0 = Debug|Any CPU
		{8860B5A2-74CD-451F-A9C4-290BF6947E0C}.Debug|x86.ActiveCfg = Debug|Any CPU
		{8860B5A2-74CD-451F-A9C4-290BF6947E0C}.Debug|x86.Build.0 = Debug|Any CPU
		{8860B5A2-74CD-451F-A9C4-290BF6947E0C}.Release|Any CPU.ActiveCfg = Release|Any CPU
		{8860B5A2-74CD-451F-A9C4-290BF6947E0C}.Release|Any CPU.Build.0 = Release|Any CPU
		{8860B5A2-74CD-451F-A9C4-290BF6947E0C}.Release|x64.ActiveCfg = Release|Any CPU
		{8860B5A2-74CD-451F-A9C4-290BF6947E0C}.Release|x64.Build.0 = Release|Any CPU
		{8860B5A2-74CD-451F-A9C4-290BF6947E0C}.Release|x86.ActiveCfg = Release|Any CPU
		{8860B5A2-74CD-451F-A9C4-290BF6947E0C}.Release|x86.Build.0 = Release|Any CPU
		{FF127F58-7577-49AE-B63A-0B6B9542EAF6}.Debug|Any CPU.ActiveCfg = Debug|Any CPU
		{FF127F58-7577-49AE-B63A-0B6B9542EAF6}.Debug|Any CPU.Build.0 = Debug|Any CPU
		{FF127F58-7577-49AE-B63A-0B6B9542EAF6}.Debug|x64.ActiveCfg = Debug|Any CPU
		{FF127F58-7577-49AE-B63A-0B6B9542EAF6}.Debug|x64.Build.0 = Debug|Any CPU
		{FF127F58-7577-49AE-B63A-0B6B9542EAF6}.Debug|x86.ActiveCfg = Debug|Any CPU
		{FF127F58-7577-49AE-B63A-0B6B9542EAF6}.Debug|x86.Build.0 = Debug|Any CPU
		{FF127F58-7577-49AE-B63A-0B6B9542EAF6}.Release|Any CPU.ActiveCfg = Release|Any CPU
		{FF127F58-7577-49AE-B63A-0B6B9542EAF6}.Release|Any CPU.Build.0 = Release|Any CPU
		{FF127F58-7577-49AE-B63A-0B6B9542EAF6}.Release|x64.ActiveCfg = Release|Any CPU
		{FF127F58-7577-49AE-B63A-0B6B9542EAF6}.Release|x64.Build.0 = Release|Any CPU
		{FF127F58-7577-49AE-B63A-0B6B9542EAF6}.Release|x86.ActiveCfg = Release|Any CPU
		{FF127F58-7577-49AE-B63A-0B6B9542EAF6}.Release|x86.Build.0 = Release|Any CPU
		{32997C3B-9259-4810-B965-DA3C96EA90DE}.Debug|Any CPU.ActiveCfg = Debug|Any CPU
		{32997C3B-9259-4810-B965-DA3C96EA90DE}.Debug|Any CPU.Build.0 = Debug|Any CPU
		{32997C3B-9259-4810-B965-DA3C96EA90DE}.Debug|x64.ActiveCfg = Debug|Any CPU
		{32997C3B-9259-4810-B965-DA3C96EA90DE}.Debug|x64.Build.0 = Debug|Any CPU
		{32997C3B-9259-4810-B965-DA3C96EA90DE}.Debug|x86.ActiveCfg = Debug|Any CPU
		{32997C3B-9259-4810-B965-DA3C96EA90DE}.Debug|x86.Build.0 = Debug|Any CPU
		{32997C3B-9259-4810-B965-DA3C96EA90DE}.Release|Any CPU.ActiveCfg = Release|Any CPU
		{32997C3B-9259-4810-B965-DA3C96EA90DE}.Release|Any CPU.Build.0 = Release|Any CPU
		{32997C3B-9259-4810-B965-DA3C96EA90DE}.Release|x64.ActiveCfg = Release|Any CPU
		{32997C3B-9259-4810-B965-DA3C96EA90DE}.Release|x64.Build.0 = Release|Any CPU
		{32997C3B-9259-4810-B965-DA3C96EA90DE}.Release|x86.ActiveCfg = Release|Any CPU
		{32997C3B-9259-4810-B965-DA3C96EA90DE}.Release|x86.Build.0 = Release|Any CPU
		{36E6F1F4-1191-4160-AB6E-F9956906433A}.Debug|Any CPU.ActiveCfg = Debug|Any CPU
		{36E6F1F4-1191-4160-AB6E-F9956906433A}.Debug|Any CPU.Build.0 = Debug|Any CPU
		{36E6F1F4-1191-4160-AB6E-F9956906433A}.Debug|x64.ActiveCfg = Debug|Any CPU
		{36E6F1F4-1191-4160-AB6E-F9956906433A}.Debug|x64.Build.0 = Debug|Any CPU
		{36E6F1F4-1191-4160-AB6E-F9956906433A}.Debug|x86.ActiveCfg = Debug|Any CPU
		{36E6F1F4-1191-4160-AB6E-F9956906433A}.Debug|x86.Build.0 = Debug|Any CPU
		{36E6F1F4-1191-4160-AB6E-F9956906433A}.Release|Any CPU.ActiveCfg = Release|Any CPU
		{36E6F1F4-1191-4160-AB6E-F9956906433A}.Release|Any CPU.Build.0 = Release|Any CPU
		{36E6F1F4-1191-4160-AB6E-F9956906433A}.Release|x64.ActiveCfg = Release|Any CPU
		{36E6F1F4-1191-4160-AB6E-F9956906433A}.Release|x64.Build.0 = Release|Any CPU
		{36E6F1F4-1191-4160-AB6E-F9956906433A}.Release|x86.ActiveCfg = Release|Any CPU
		{36E6F1F4-1191-4160-AB6E-F9956906433A}.Release|x86.Build.0 = Release|Any CPU
		{0F8E0B24-8A6B-49D3-B5FB-F300BEBE3811}.Debug|Any CPU.ActiveCfg = Debug|Any CPU
		{0F8E0B24-8A6B-49D3-B5FB-F300BEBE3811}.Debug|Any CPU.Build.0 = Debug|Any CPU
		{0F8E0B24-8A6B-49D3-B5FB-F300BEBE3811}.Debug|x64.ActiveCfg = Debug|Any CPU
		{0F8E0B24-8A6B-49D3-B5FB-F300BEBE3811}.Debug|x64.Build.0 = Debug|Any CPU
		{0F8E0B24-8A6B-49D3-B5FB-F300BEBE3811}.Debug|x86.ActiveCfg = Debug|Any CPU
		{0F8E0B24-8A6B-49D3-B5FB-F300BEBE3811}.Debug|x86.Build.0 = Debug|Any CPU
		{0F8E0B24-8A6B-49D3-B5FB-F300BEBE3811}.Release|Any CPU.ActiveCfg = Release|Any CPU
		{0F8E0B24-8A6B-49D3-B5FB-F300BEBE3811}.Release|Any CPU.Build.0 = Release|Any CPU
		{0F8E0B24-8A6B-49D3-B5FB-F300BEBE3811}.Release|x64.ActiveCfg = Release|Any CPU
		{0F8E0B24-8A6B-49D3-B5FB-F300BEBE3811}.Release|x64.Build.0 = Release|Any CPU
		{0F8E0B24-8A6B-49D3-B5FB-F300BEBE3811}.Release|x86.ActiveCfg = Release|Any CPU
		{0F8E0B24-8A6B-49D3-B5FB-F300BEBE3811}.Release|x86.Build.0 = Release|Any CPU
		{2C52DDF2-6377-4333-8226-8E90F5247FF0}.Debug|Any CPU.ActiveCfg = Debug|x86
		{2C52DDF2-6377-4333-8226-8E90F5247FF0}.Debug|x64.ActiveCfg = Debug|x86
		{2C52DDF2-6377-4333-8226-8E90F5247FF0}.Debug|x86.ActiveCfg = Debug|x86
		{2C52DDF2-6377-4333-8226-8E90F5247FF0}.Debug|x86.Build.0 = Debug|x86
		{2C52DDF2-6377-4333-8226-8E90F5247FF0}.Release|Any CPU.ActiveCfg = Release|x86
		{2C52DDF2-6377-4333-8226-8E90F5247FF0}.Release|x64.ActiveCfg = Release|x86
		{2C52DDF2-6377-4333-8226-8E90F5247FF0}.Release|x86.ActiveCfg = Release|x86
		{2C52DDF2-6377-4333-8226-8E90F5247FF0}.Release|x86.Build.0 = Release|x86
		{944258B7-607D-4DE3-B161-D80A89C825AD}.Debug|Any CPU.ActiveCfg = Debug|Any CPU
		{944258B7-607D-4DE3-B161-D80A89C825AD}.Debug|Any CPU.Build.0 = Debug|Any CPU
		{944258B7-607D-4DE3-B161-D80A89C825AD}.Debug|x64.ActiveCfg = Debug|Any CPU
		{944258B7-607D-4DE3-B161-D80A89C825AD}.Debug|x64.Build.0 = Debug|Any CPU
		{944258B7-607D-4DE3-B161-D80A89C825AD}.Debug|x86.ActiveCfg = Debug|Any CPU
		{944258B7-607D-4DE3-B161-D80A89C825AD}.Debug|x86.Build.0 = Debug|Any CPU
		{944258B7-607D-4DE3-B161-D80A89C825AD}.Release|Any CPU.ActiveCfg = Release|Any CPU
		{944258B7-607D-4DE3-B161-D80A89C825AD}.Release|Any CPU.Build.0 = Release|Any CPU
		{944258B7-607D-4DE3-B161-D80A89C825AD}.Release|x64.ActiveCfg = Release|Any CPU
		{944258B7-607D-4DE3-B161-D80A89C825AD}.Release|x64.Build.0 = Release|Any CPU
		{944258B7-607D-4DE3-B161-D80A89C825AD}.Release|x86.ActiveCfg = Release|Any CPU
		{944258B7-607D-4DE3-B161-D80A89C825AD}.Release|x86.Build.0 = Release|Any CPU
		{DC9AD8EF-2C40-4E97-8F5A-FBBD14E30A5B}.Debug|Any CPU.ActiveCfg = Debug|Any CPU
		{DC9AD8EF-2C40-4E97-8F5A-FBBD14E30A5B}.Debug|Any CPU.Build.0 = Debug|Any CPU
		{DC9AD8EF-2C40-4E97-8F5A-FBBD14E30A5B}.Debug|x64.ActiveCfg = Debug|Any CPU
		{DC9AD8EF-2C40-4E97-8F5A-FBBD14E30A5B}.Debug|x64.Build.0 = Debug|Any CPU
		{DC9AD8EF-2C40-4E97-8F5A-FBBD14E30A5B}.Debug|x86.ActiveCfg = Debug|Any CPU
		{DC9AD8EF-2C40-4E97-8F5A-FBBD14E30A5B}.Debug|x86.Build.0 = Debug|Any CPU
		{DC9AD8EF-2C40-4E97-8F5A-FBBD14E30A5B}.Release|Any CPU.ActiveCfg = Release|Any CPU
		{DC9AD8EF-2C40-4E97-8F5A-FBBD14E30A5B}.Release|Any CPU.Build.0 = Release|Any CPU
		{DC9AD8EF-2C40-4E97-8F5A-FBBD14E30A5B}.Release|x64.ActiveCfg = Release|Any CPU
		{DC9AD8EF-2C40-4E97-8F5A-FBBD14E30A5B}.Release|x64.Build.0 = Release|Any CPU
		{DC9AD8EF-2C40-4E97-8F5A-FBBD14E30A5B}.Release|x86.ActiveCfg = Release|Any CPU
		{DC9AD8EF-2C40-4E97-8F5A-FBBD14E30A5B}.Release|x86.Build.0 = Release|Any CPU
		{04BC9301-24B1-487A-AB74-BBCEF3EFECC7}.Debug|Any CPU.ActiveCfg = Debug|Any CPU
		{04BC9301-24B1-487A-AB74-BBCEF3EFECC7}.Debug|Any CPU.Build.0 = Debug|Any CPU
		{04BC9301-24B1-487A-AB74-BBCEF3EFECC7}.Debug|x64.ActiveCfg = Debug|Any CPU
		{04BC9301-24B1-487A-AB74-BBCEF3EFECC7}.Debug|x64.Build.0 = Debug|Any CPU
		{04BC9301-24B1-487A-AB74-BBCEF3EFECC7}.Debug|x86.ActiveCfg = Debug|Any CPU
		{04BC9301-24B1-487A-AB74-BBCEF3EFECC7}.Debug|x86.Build.0 = Debug|Any CPU
		{04BC9301-24B1-487A-AB74-BBCEF3EFECC7}.Release|Any CPU.ActiveCfg = Release|Any CPU
		{04BC9301-24B1-487A-AB74-BBCEF3EFECC7}.Release|Any CPU.Build.0 = Release|Any CPU
		{04BC9301-24B1-487A-AB74-BBCEF3EFECC7}.Release|x64.ActiveCfg = Release|Any CPU
		{04BC9301-24B1-487A-AB74-BBCEF3EFECC7}.Release|x64.Build.0 = Release|Any CPU
		{04BC9301-24B1-487A-AB74-BBCEF3EFECC7}.Release|x86.ActiveCfg = Release|Any CPU
		{04BC9301-24B1-487A-AB74-BBCEF3EFECC7}.Release|x86.Build.0 = Release|Any CPU
		{091C3FCE-7FB2-4852-9B3F-7B7C967B84B4}.Debug|Any CPU.ActiveCfg = Debug|Any CPU
		{091C3FCE-7FB2-4852-9B3F-7B7C967B84B4}.Debug|Any CPU.Build.0 = Debug|Any CPU
		{091C3FCE-7FB2-4852-9B3F-7B7C967B84B4}.Debug|x64.ActiveCfg = Debug|Any CPU
		{091C3FCE-7FB2-4852-9B3F-7B7C967B84B4}.Debug|x64.Build.0 = Debug|Any CPU
		{091C3FCE-7FB2-4852-9B3F-7B7C967B84B4}.Debug|x86.ActiveCfg = Debug|Any CPU
		{091C3FCE-7FB2-4852-9B3F-7B7C967B84B4}.Debug|x86.Build.0 = Debug|Any CPU
		{091C3FCE-7FB2-4852-9B3F-7B7C967B84B4}.Release|Any CPU.ActiveCfg = Release|Any CPU
		{091C3FCE-7FB2-4852-9B3F-7B7C967B84B4}.Release|Any CPU.Build.0 = Release|Any CPU
		{091C3FCE-7FB2-4852-9B3F-7B7C967B84B4}.Release|x64.ActiveCfg = Release|Any CPU
		{091C3FCE-7FB2-4852-9B3F-7B7C967B84B4}.Release|x64.Build.0 = Release|Any CPU
		{091C3FCE-7FB2-4852-9B3F-7B7C967B84B4}.Release|x86.ActiveCfg = Release|Any CPU
		{091C3FCE-7FB2-4852-9B3F-7B7C967B84B4}.Release|x86.Build.0 = Release|Any CPU
		{1265EC7B-41C1-497C-A873-98A6836162F1}.Debug|Any CPU.ActiveCfg = Debug|Any CPU
		{1265EC7B-41C1-497C-A873-98A6836162F1}.Debug|Any CPU.Build.0 = Debug|Any CPU
		{1265EC7B-41C1-497C-A873-98A6836162F1}.Debug|x64.ActiveCfg = Debug|Any CPU
		{1265EC7B-41C1-497C-A873-98A6836162F1}.Debug|x64.Build.0 = Debug|Any CPU
		{1265EC7B-41C1-497C-A873-98A6836162F1}.Debug|x86.ActiveCfg = Debug|Any CPU
		{1265EC7B-41C1-497C-A873-98A6836162F1}.Debug|x86.Build.0 = Debug|Any CPU
		{1265EC7B-41C1-497C-A873-98A6836162F1}.Release|Any CPU.ActiveCfg = Release|Any CPU
		{1265EC7B-41C1-497C-A873-98A6836162F1}.Release|Any CPU.Build.0 = Release|Any CPU
		{1265EC7B-41C1-497C-A873-98A6836162F1}.Release|x64.ActiveCfg = Release|Any CPU
		{1265EC7B-41C1-497C-A873-98A6836162F1}.Release|x64.Build.0 = Release|Any CPU
		{1265EC7B-41C1-497C-A873-98A6836162F1}.Release|x86.ActiveCfg = Release|Any CPU
		{1265EC7B-41C1-497C-A873-98A6836162F1}.Release|x86.Build.0 = Release|Any CPU
		{1101E22E-FA58-4F20-AA4A-D62DFDFC5059}.Debug|Any CPU.ActiveCfg = Debug|Any CPU
		{1101E22E-FA58-4F20-AA4A-D62DFDFC5059}.Debug|Any CPU.Build.0 = Debug|Any CPU
		{1101E22E-FA58-4F20-AA4A-D62DFDFC5059}.Debug|x64.ActiveCfg = Debug|Any CPU
		{1101E22E-FA58-4F20-AA4A-D62DFDFC5059}.Debug|x64.Build.0 = Debug|Any CPU
		{1101E22E-FA58-4F20-AA4A-D62DFDFC5059}.Debug|x86.ActiveCfg = Debug|Any CPU
		{1101E22E-FA58-4F20-AA4A-D62DFDFC5059}.Debug|x86.Build.0 = Debug|Any CPU
		{1101E22E-FA58-4F20-AA4A-D62DFDFC5059}.Release|Any CPU.ActiveCfg = Release|Any CPU
		{1101E22E-FA58-4F20-AA4A-D62DFDFC5059}.Release|Any CPU.Build.0 = Release|Any CPU
		{1101E22E-FA58-4F20-AA4A-D62DFDFC5059}.Release|x64.ActiveCfg = Release|Any CPU
		{1101E22E-FA58-4F20-AA4A-D62DFDFC5059}.Release|x64.Build.0 = Release|Any CPU
		{1101E22E-FA58-4F20-AA4A-D62DFDFC5059}.Release|x86.ActiveCfg = Release|Any CPU
		{1101E22E-FA58-4F20-AA4A-D62DFDFC5059}.Release|x86.Build.0 = Release|Any CPU
		{E77573FC-2072-40FC-B4E4-A13A4F3937C4}.Debug|Any CPU.ActiveCfg = Debug|Any CPU
		{E77573FC-2072-40FC-B4E4-A13A4F3937C4}.Debug|Any CPU.Build.0 = Debug|Any CPU
		{E77573FC-2072-40FC-B4E4-A13A4F3937C4}.Debug|x64.ActiveCfg = Debug|Any CPU
		{E77573FC-2072-40FC-B4E4-A13A4F3937C4}.Debug|x64.Build.0 = Debug|Any CPU
		{E77573FC-2072-40FC-B4E4-A13A4F3937C4}.Debug|x86.ActiveCfg = Debug|Any CPU
		{E77573FC-2072-40FC-B4E4-A13A4F3937C4}.Debug|x86.Build.0 = Debug|Any CPU
		{E77573FC-2072-40FC-B4E4-A13A4F3937C4}.Release|Any CPU.ActiveCfg = Release|Any CPU
		{E77573FC-2072-40FC-B4E4-A13A4F3937C4}.Release|Any CPU.Build.0 = Release|Any CPU
		{E77573FC-2072-40FC-B4E4-A13A4F3937C4}.Release|x64.ActiveCfg = Release|Any CPU
		{E77573FC-2072-40FC-B4E4-A13A4F3937C4}.Release|x64.Build.0 = Release|Any CPU
		{E77573FC-2072-40FC-B4E4-A13A4F3937C4}.Release|x86.ActiveCfg = Release|Any CPU
		{E77573FC-2072-40FC-B4E4-A13A4F3937C4}.Release|x86.Build.0 = Release|Any CPU
		{18D933A1-2305-473A-A440-8AA40F8DBD7F}.Debug|Any CPU.ActiveCfg = Debug|Any CPU
		{18D933A1-2305-473A-A440-8AA40F8DBD7F}.Debug|Any CPU.Build.0 = Debug|Any CPU
		{18D933A1-2305-473A-A440-8AA40F8DBD7F}.Debug|x64.ActiveCfg = Debug|Any CPU
		{18D933A1-2305-473A-A440-8AA40F8DBD7F}.Debug|x64.Build.0 = Debug|Any CPU
		{18D933A1-2305-473A-A440-8AA40F8DBD7F}.Debug|x86.ActiveCfg = Debug|Any CPU
		{18D933A1-2305-473A-A440-8AA40F8DBD7F}.Debug|x86.Build.0 = Debug|Any CPU
		{18D933A1-2305-473A-A440-8AA40F8DBD7F}.Release|Any CPU.ActiveCfg = Release|Any CPU
		{18D933A1-2305-473A-A440-8AA40F8DBD7F}.Release|Any CPU.Build.0 = Release|Any CPU
		{18D933A1-2305-473A-A440-8AA40F8DBD7F}.Release|x64.ActiveCfg = Release|Any CPU
		{18D933A1-2305-473A-A440-8AA40F8DBD7F}.Release|x64.Build.0 = Release|Any CPU
		{18D933A1-2305-473A-A440-8AA40F8DBD7F}.Release|x86.ActiveCfg = Release|Any CPU
		{18D933A1-2305-473A-A440-8AA40F8DBD7F}.Release|x86.Build.0 = Release|Any CPU
		{7DBCD949-CD63-44F3-A11B-491D89D71397}.Debug|Any CPU.ActiveCfg = Debug|Any CPU
		{7DBCD949-CD63-44F3-A11B-491D89D71397}.Debug|Any CPU.Build.0 = Debug|Any CPU
		{7DBCD949-CD63-44F3-A11B-491D89D71397}.Debug|x64.ActiveCfg = Debug|Any CPU
		{7DBCD949-CD63-44F3-A11B-491D89D71397}.Debug|x64.Build.0 = Debug|Any CPU
		{7DBCD949-CD63-44F3-A11B-491D89D71397}.Debug|x86.ActiveCfg = Debug|x86
		{7DBCD949-CD63-44F3-A11B-491D89D71397}.Debug|x86.Build.0 = Debug|x86
		{7DBCD949-CD63-44F3-A11B-491D89D71397}.Release|Any CPU.ActiveCfg = Release|Any CPU
		{7DBCD949-CD63-44F3-A11B-491D89D71397}.Release|Any CPU.Build.0 = Release|Any CPU
		{7DBCD949-CD63-44F3-A11B-491D89D71397}.Release|x64.ActiveCfg = Release|Any CPU
		{7DBCD949-CD63-44F3-A11B-491D89D71397}.Release|x64.Build.0 = Release|Any CPU
		{7DBCD949-CD63-44F3-A11B-491D89D71397}.Release|x86.ActiveCfg = Release|x86
		{7DBCD949-CD63-44F3-A11B-491D89D71397}.Release|x86.Build.0 = Release|x86
		{B58DE9D5-66E6-4F90-9775-F866A902E7EF}.Debug|Any CPU.ActiveCfg = Debug|Any CPU
		{B58DE9D5-66E6-4F90-9775-F866A902E7EF}.Debug|Any CPU.Build.0 = Debug|Any CPU
		{B58DE9D5-66E6-4F90-9775-F866A902E7EF}.Debug|x64.ActiveCfg = Debug|Any CPU
		{B58DE9D5-66E6-4F90-9775-F866A902E7EF}.Debug|x64.Build.0 = Debug|Any CPU
		{B58DE9D5-66E6-4F90-9775-F866A902E7EF}.Debug|x86.ActiveCfg = Debug|Any CPU
		{B58DE9D5-66E6-4F90-9775-F866A902E7EF}.Debug|x86.Build.0 = Debug|Any CPU
		{B58DE9D5-66E6-4F90-9775-F866A902E7EF}.Release|Any CPU.ActiveCfg = Release|Any CPU
		{B58DE9D5-66E6-4F90-9775-F866A902E7EF}.Release|Any CPU.Build.0 = Release|Any CPU
		{B58DE9D5-66E6-4F90-9775-F866A902E7EF}.Release|x64.ActiveCfg = Release|Any CPU
		{B58DE9D5-66E6-4F90-9775-F866A902E7EF}.Release|x64.Build.0 = Release|Any CPU
		{B58DE9D5-66E6-4F90-9775-F866A902E7EF}.Release|x86.ActiveCfg = Release|Any CPU
		{B58DE9D5-66E6-4F90-9775-F866A902E7EF}.Release|x86.Build.0 = Release|Any CPU
		{24F25022-4A99-4C63-95ED-40BEB122E0ED}.Debug|Any CPU.ActiveCfg = Debug|Any CPU
		{24F25022-4A99-4C63-95ED-40BEB122E0ED}.Debug|Any CPU.Build.0 = Debug|Any CPU
		{24F25022-4A99-4C63-95ED-40BEB122E0ED}.Debug|x64.ActiveCfg = Debug|Any CPU
		{24F25022-4A99-4C63-95ED-40BEB122E0ED}.Debug|x64.Build.0 = Debug|Any CPU
		{24F25022-4A99-4C63-95ED-40BEB122E0ED}.Debug|x86.ActiveCfg = Debug|x86
		{24F25022-4A99-4C63-95ED-40BEB122E0ED}.Debug|x86.Build.0 = Debug|x86
		{24F25022-4A99-4C63-95ED-40BEB122E0ED}.Release|Any CPU.ActiveCfg = Release|Any CPU
		{24F25022-4A99-4C63-95ED-40BEB122E0ED}.Release|Any CPU.Build.0 = Release|Any CPU
		{24F25022-4A99-4C63-95ED-40BEB122E0ED}.Release|x64.ActiveCfg = Release|Any CPU
		{24F25022-4A99-4C63-95ED-40BEB122E0ED}.Release|x64.Build.0 = Release|Any CPU
		{24F25022-4A99-4C63-95ED-40BEB122E0ED}.Release|x86.ActiveCfg = Release|x86
		{24F25022-4A99-4C63-95ED-40BEB122E0ED}.Release|x86.Build.0 = Release|x86
		{4D5A6B2A-5AC6-4D18-A126-A3E2F873C2F8}.Debug|Any CPU.ActiveCfg = Debug|Any CPU
		{4D5A6B2A-5AC6-4D18-A126-A3E2F873C2F8}.Debug|Any CPU.Build.0 = Debug|Any CPU
		{4D5A6B2A-5AC6-4D18-A126-A3E2F873C2F8}.Debug|x64.ActiveCfg = Debug|Any CPU
		{4D5A6B2A-5AC6-4D18-A126-A3E2F873C2F8}.Debug|x64.Build.0 = Debug|Any CPU
		{4D5A6B2A-5AC6-4D18-A126-A3E2F873C2F8}.Debug|x86.ActiveCfg = Debug|Any CPU
		{4D5A6B2A-5AC6-4D18-A126-A3E2F873C2F8}.Debug|x86.Build.0 = Debug|Any CPU
		{4D5A6B2A-5AC6-4D18-A126-A3E2F873C2F8}.Release|Any CPU.ActiveCfg = Release|Any CPU
		{4D5A6B2A-5AC6-4D18-A126-A3E2F873C2F8}.Release|Any CPU.Build.0 = Release|Any CPU
		{4D5A6B2A-5AC6-4D18-A126-A3E2F873C2F8}.Release|x64.ActiveCfg = Release|Any CPU
		{4D5A6B2A-5AC6-4D18-A126-A3E2F873C2F8}.Release|x64.Build.0 = Release|Any CPU
		{4D5A6B2A-5AC6-4D18-A126-A3E2F873C2F8}.Release|x86.ActiveCfg = Release|Any CPU
		{4D5A6B2A-5AC6-4D18-A126-A3E2F873C2F8}.Release|x86.Build.0 = Release|Any CPU
		{0A46905F-1543-4B35-B859-E7B631325559}.Debug|Any CPU.ActiveCfg = Debug|Any CPU
		{0A46905F-1543-4B35-B859-E7B631325559}.Debug|Any CPU.Build.0 = Debug|Any CPU
		{0A46905F-1543-4B35-B859-E7B631325559}.Debug|x64.ActiveCfg = Debug|Any CPU
		{0A46905F-1543-4B35-B859-E7B631325559}.Debug|x64.Build.0 = Debug|Any CPU
		{0A46905F-1543-4B35-B859-E7B631325559}.Debug|x86.ActiveCfg = Debug|Any CPU
		{0A46905F-1543-4B35-B859-E7B631325559}.Debug|x86.Build.0 = Debug|Any CPU
		{0A46905F-1543-4B35-B859-E7B631325559}.Release|Any CPU.ActiveCfg = Release|Any CPU
		{0A46905F-1543-4B35-B859-E7B631325559}.Release|Any CPU.Build.0 = Release|Any CPU
		{0A46905F-1543-4B35-B859-E7B631325559}.Release|x64.ActiveCfg = Release|Any CPU
		{0A46905F-1543-4B35-B859-E7B631325559}.Release|x64.Build.0 = Release|Any CPU
		{0A46905F-1543-4B35-B859-E7B631325559}.Release|x86.ActiveCfg = Release|Any CPU
		{0A46905F-1543-4B35-B859-E7B631325559}.Release|x86.Build.0 = Release|Any CPU
		{143F5015-42FE-4BD5-B642-76B5C489EBEB}.Debug|Any CPU.ActiveCfg = Debug|Any CPU
		{143F5015-42FE-4BD5-B642-76B5C489EBEB}.Debug|Any CPU.Build.0 = Debug|Any CPU
		{143F5015-42FE-4BD5-B642-76B5C489EBEB}.Debug|x64.ActiveCfg = Debug|Any CPU
		{143F5015-42FE-4BD5-B642-76B5C489EBEB}.Debug|x64.Build.0 = Debug|Any CPU
		{143F5015-42FE-4BD5-B642-76B5C489EBEB}.Debug|x86.ActiveCfg = Debug|Any CPU
		{143F5015-42FE-4BD5-B642-76B5C489EBEB}.Debug|x86.Build.0 = Debug|Any CPU
		{143F5015-42FE-4BD5-B642-76B5C489EBEB}.Release|Any CPU.ActiveCfg = Release|Any CPU
		{143F5015-42FE-4BD5-B642-76B5C489EBEB}.Release|Any CPU.Build.0 = Release|Any CPU
		{143F5015-42FE-4BD5-B642-76B5C489EBEB}.Release|x64.ActiveCfg = Release|Any CPU
		{143F5015-42FE-4BD5-B642-76B5C489EBEB}.Release|x64.Build.0 = Release|Any CPU
		{143F5015-42FE-4BD5-B642-76B5C489EBEB}.Release|x86.ActiveCfg = Release|Any CPU
		{143F5015-42FE-4BD5-B642-76B5C489EBEB}.Release|x86.Build.0 = Release|Any CPU
		{5D5389D1-92AA-44B9-93C9-5290501DA8DE}.Debug|Any CPU.ActiveCfg = Debug|Any CPU
		{5D5389D1-92AA-44B9-93C9-5290501DA8DE}.Debug|Any CPU.Build.0 = Debug|Any CPU
		{5D5389D1-92AA-44B9-93C9-5290501DA8DE}.Debug|x64.ActiveCfg = Debug|Any CPU
		{5D5389D1-92AA-44B9-93C9-5290501DA8DE}.Debug|x64.Build.0 = Debug|Any CPU
		{5D5389D1-92AA-44B9-93C9-5290501DA8DE}.Debug|x86.ActiveCfg = Debug|Any CPU
		{5D5389D1-92AA-44B9-93C9-5290501DA8DE}.Debug|x86.Build.0 = Debug|Any CPU
		{5D5389D1-92AA-44B9-93C9-5290501DA8DE}.Release|Any CPU.ActiveCfg = Release|Any CPU
		{5D5389D1-92AA-44B9-93C9-5290501DA8DE}.Release|Any CPU.Build.0 = Release|Any CPU
		{5D5389D1-92AA-44B9-93C9-5290501DA8DE}.Release|x64.ActiveCfg = Release|Any CPU
		{5D5389D1-92AA-44B9-93C9-5290501DA8DE}.Release|x64.Build.0 = Release|Any CPU
		{5D5389D1-92AA-44B9-93C9-5290501DA8DE}.Release|x86.ActiveCfg = Release|Any CPU
		{5D5389D1-92AA-44B9-93C9-5290501DA8DE}.Release|x86.Build.0 = Release|Any CPU
	EndGlobalSection
	GlobalSection(SolutionProperties) = preSolution
		HideSolutionNode = FALSE
	EndGlobalSection
	GlobalSection(NestedProjects) = preSolution
		{1A3ABB01-7579-4558-A646-2E9025D9C449} = {4E69EC4C-DAA4-4699-9852-5D2BB07AF8F7}
		{18BEB42C-30E8-40C5-ABB6-6841A4B2182B} = {4E69EC4C-DAA4-4699-9852-5D2BB07AF8F7}
		{5FC8545A-258D-4690-A8CE-205B90CB73EE} = {4E69EC4C-DAA4-4699-9852-5D2BB07AF8F7}
		{2F8E868E-0801-4487-932E-850E24E90D2B} = {4E69EC4C-DAA4-4699-9852-5D2BB07AF8F7}
		{806F9906-2940-47E9-B2E8-1FC74DAB7EF4} = {4E69EC4C-DAA4-4699-9852-5D2BB07AF8F7}
		{8212BD78-1DFC-46A2-9238-72CB48BEB6A4} = {EF00D8B4-62BB-4749-A717-F3700AD02381}
		{A9346AD3-B5FE-4904-8E42-568A4A97D5AB} = {EF00D8B4-62BB-4749-A717-F3700AD02381}
		{52160559-1680-4655-8F52-93318051FC2B} = {EF00D8B4-62BB-4749-A717-F3700AD02381}
		{A8A19504-975E-435B-9B04-6ABB7D4BB643} = {EF00D8B4-62BB-4749-A717-F3700AD02381}
		{0F26E688-7767-4264-B287-43DA0C5D8C58} = {1D72E622-4511-4605-AC4A-C9C25D84B33C}
		{2A80AB3B-3AF5-48DB-8604-14CC4229F2C3} = {1D72E622-4511-4605-AC4A-C9C25D84B33C}
		{DACD757A-1BEE-4C5E-BD62-D5BF7B89DA14} = {1D72E622-4511-4605-AC4A-C9C25D84B33C}
		{3C34747B-D562-4900-880D-67E8574544AE} = {18BEB42C-30E8-40C5-ABB6-6841A4B2182B}
		{B53626C7-8A4E-4DAA-B5A2-C28B5EA52E8E} = {18BEB42C-30E8-40C5-ABB6-6841A4B2182B}
		{91D9AFB4-A011-4DF9-8BB7-C730009FB48A} = {5FC8545A-258D-4690-A8CE-205B90CB73EE}
		{7F407E3A-51F9-4D5F-8014-3C371E45BAA9} = {5FC8545A-258D-4690-A8CE-205B90CB73EE}
		{F8A90D45-3732-4915-A58B-833CFA07EE30} = {5FC8545A-258D-4690-A8CE-205B90CB73EE}
		{F35E1178-260C-4DDC-9BC0-A557EC82A5AA} = {1A3ABB01-7579-4558-A646-2E9025D9C449}
		{D1A9A1AC-BFAA-4DA5-AB7D-DB7D082EDFA4} = {1A3ABB01-7579-4558-A646-2E9025D9C449}
		{B809ED9D-0916-49FB-8B7E-D7693836C55E} = {1A3ABB01-7579-4558-A646-2E9025D9C449}
		{AC3F6D9F-5D07-495B-BE6A-4F1E6CE4C392} = {2F8E868E-0801-4487-932E-850E24E90D2B}
		{2D4814E6-8345-4DF7-8623-824AB20F1CE3} = {2F8E868E-0801-4487-932E-850E24E90D2B}
		{8860B5A2-74CD-451F-A9C4-290BF6947E0C} = {2F8E868E-0801-4487-932E-850E24E90D2B}
		{FF127F58-7577-49AE-B63A-0B6B9542EAF6} = {806F9906-2940-47E9-B2E8-1FC74DAB7EF4}
		{32997C3B-9259-4810-B965-DA3C96EA90DE} = {806F9906-2940-47E9-B2E8-1FC74DAB7EF4}
		{36E6F1F4-1191-4160-AB6E-F9956906433A} = {806F9906-2940-47E9-B2E8-1FC74DAB7EF4}
		{0F8E0B24-8A6B-49D3-B5FB-F300BEBE3811} = {84197E73-1164-4C92-9ACF-ABFC3BA1E81B}
		{0B6FEEDB-5975-43D1-BB9D-A8221165821C} = {4E69EC4C-DAA4-4699-9852-5D2BB07AF8F7}
		{944258B7-607D-4DE3-B161-D80A89C825AD} = {0B6FEEDB-5975-43D1-BB9D-A8221165821C}
		{DC9AD8EF-2C40-4E97-8F5A-FBBD14E30A5B} = {0B6FEEDB-5975-43D1-BB9D-A8221165821C}
		{04BC9301-24B1-487A-AB74-BBCEF3EFECC7} = {0B6FEEDB-5975-43D1-BB9D-A8221165821C}
		{091C3FCE-7FB2-4852-9B3F-7B7C967B84B4} = {1A3ABB01-7579-4558-A646-2E9025D9C449}
		{D7B031E5-74BE-4D4B-AE7A-FDAA540365E5} = {4E69EC4C-DAA4-4699-9852-5D2BB07AF8F7}
		{1265EC7B-41C1-497C-A873-98A6836162F1} = {D7B031E5-74BE-4D4B-AE7A-FDAA540365E5}
		{1101E22E-FA58-4F20-AA4A-D62DFDFC5059} = {D7B031E5-74BE-4D4B-AE7A-FDAA540365E5}
		{E77573FC-2072-40FC-B4E4-A13A4F3937C4} = {D7B031E5-74BE-4D4B-AE7A-FDAA540365E5}
		{18D933A1-2305-473A-A440-8AA40F8DBD7F} = {A24A6E6B-3731-4042-8999-F2071BAA4E9D}
		{7DBCD949-CD63-44F3-A11B-491D89D71397} = {A24A6E6B-3731-4042-8999-F2071BAA4E9D}
		{B58DE9D5-66E6-4F90-9775-F866A902E7EF} = {A24A6E6B-3731-4042-8999-F2071BAA4E9D}
		{24F25022-4A99-4C63-95ED-40BEB122E0ED} = {A24A6E6B-3731-4042-8999-F2071BAA4E9D}
		{0A46905F-1543-4B35-B859-E7B631325559} = {A24A6E6B-3731-4042-8999-F2071BAA4E9D}
		{143F5015-42FE-4BD5-B642-76B5C489EBEB} = {1A3ABB01-7579-4558-A646-2E9025D9C449}
		{5D5389D1-92AA-44B9-93C9-5290501DA8DE} = {5FC8545A-258D-4690-A8CE-205B90CB73EE}
	EndGlobalSection
	GlobalSection(ExtensibilityGlobals) = postSolution
		SolutionGuid = {0CFB9723-27FC-446D-8901-D12F0B215C1F}
	EndGlobalSection
EndGlobal
